
Microsoft Visual Studio Solution File, Format Version 12.00
# Visual Studio Version 17
VisualStudioVersion = 17.7.34202.233
MinimumVisualStudioVersion = 10.0.40219.1
Project("{FAE04EC0-301F-11D3-BF4B-00C04F79EFBC}") = "WebAppNem", "WebAppNem\WebAppNem.csproj", "{5A49691D-DBD8-415D-9F80-879085201267}"
EndProject
Global
	GlobalSection(SolutionConfigurationPlatforms) = preSolution
		Debug|Any CPU = Debug|Any CPU
		Release|Any CPU = Release|Any CPU
	EndGlobalSection
	GlobalSection(ProjectConfigurationPlatforms) = postSolution
		{5A49691D-DBD8-415D-9F80-879085201267}.Debug|Any CPU.ActiveCfg = Debug|Any CPU
		{5A49691D-DBD8-415D-9F80-879085201267}.Debug|Any CPU.Build.0 = Debug|Any CPU
		{5A49691D-DBD8-415D-9F80-879085201267}.Release|Any CPU.ActiveCfg = Release|Any CPU
		{5A49691D-DBD8-415D-9F80-879085201267}.Release|Any CPU.Build.0 = Release|Any CPU
	EndGlobalSection
	GlobalSection(SolutionProperties) = preSolution
		HideSolutionNode = FALSE
	EndGlobalSection
	GlobalSection(ExtensibilityGlobals) = postSolution
		SolutionGuid = {22C60D2F-D2D7-4A94-BA61-158871D2D7EC}
	EndGlobalSection
EndGlobal
